// !$*UTF8*$!
{
	archiveVersion = 1;
	classes = {
	};
	objectVersion = 77;
	objects = {

/* Begin PBXBuildFile section */
		C84B0D8F2EDA760200896149 /* SDWebImageSVGCoder in Frameworks */ = {isa = PBXBuildFile; productRef = C84B0D8E2EDA760200896149 /* SDWebImageSVGCoder */; };
		C84B0DB12EDA7A1D00896149 /* SDWebImageSwiftUI in Frameworks */ = {isa = PBXBuildFile; productRef = C84B0DB02EDA7A1D00896149 /* SDWebImageSwiftUI */; };
/* End PBXBuildFile section */

/* Begin PBXContainerItemProxy section */
		C81578C82ED9142300A3C815 /* PBXContainerItemProxy */ = {
			isa = PBXContainerItemProxy;
			containerPortal = C81578B02ED9142200A3C815 /* Project object */;
			proxyType = 1;
			remoteGlobalIDString = C81578B72ED9142200A3C815;
			remoteInfo = FreeFontPro;
		};
		C81578D22ED9142300A3C815 /* PBXContainerItemProxy */ = {
			isa = PBXContainerItemProxy;
			containerPortal = C81578B02ED9142200A3C815 /* Project object */;
			proxyType = 1;
			remoteGlobalIDString = C81578B72ED9142200A3C815;
			remoteInfo = FreeFontPro;
		};
/* End PBXContainerItemProxy section */

/* Begin PBXFileReference section */
		C81578B82ED9142200A3C815 /* FreeFontPro.app */ = {isa = PBXFileReference; explicitFileType = wrapper.application; includeInIndex = 0; path = FreeFontPro.app; sourceTree = BUILT_PRODUCTS_DIR; };
		C81578C72ED9142300A3C815 /* FreeFontProTests.xctest */ = {isa = PBXFileReference; explicitFileType = wrapper.cfbundle; includeInIndex = 0; path = FreeFontProTests.xctest; sourceTree = BUILT_PRODUCTS_DIR; };
		C81578D12ED9142300A3C815 /* FreeFontProUITests.xctest */ = {isa = PBXFileReference; explicitFileType = wrapper.cfbundle; includeInIndex = 0; path = FreeFontProUITests.xctest; sourceTree = BUILT_PRODUCTS_DIR; };
/* End PBXFileReference section */

/* Begin PBXFileSystemSynchronizedBuildFileExceptionSet section */
		C8E5060A2EED959F00F7BCE9 /* Exceptions for "FreeFontPro" folder in "FreeFontPro" target */ = {
			isa = PBXFileSystemSynchronizedBuildFileExceptionSet;
			assetTagsByRelativePath = {
				Resources/FreeFont/FontFile/ZLabsBitmap_12px_CN/ZLabsBitmap_12px_CN.ttf = (ZLabsBitmap_12px_CN, );
				Resources/FreeFont/FontFile/ZLabsBitmap_12px_HC/ZLabsBitmap_12px_HC.ttf = (ZLabsBitmap_12px_HC, );
				Resources/FreeFont/FontFile/ZLabsBitmap_12px_JP/ZLabsBitmap_12px_JP.ttf = (ZLabsBitmap_12px_JP, );
				Resources/FreeFont/License/ZLabsBitmap_12px/ZLabsBitmap_12px_LICENSE.txt = (ZLabsBitmap_12px_LICENSE, );
			};
			target = C81578B72ED9142200A3C815 /* FreeFontPro */;
		};
/* End PBXFileSystemSynchronizedBuildFileExceptionSet section */

/* Begin PBXFileSystemSynchronizedRootGroup section */
		C81578BA2ED9142200A3C815 /* FreeFontPro */ = {
			isa = PBXFileSystemSynchronizedRootGroup;
			exceptions = (
				C8E5060A2EED959F00F7BCE9 /* Exceptions for "FreeFontPro" folder in "FreeFontPro" target */,
			);
			path = FreeFontPro;
			sourceTree = "<group>";
		};
		C81578CA2ED9142300A3C815 /* FreeFontProTests */ = {
			isa = PBXFileSystemSynchronizedRootGroup;
			path = FreeFontProTests;
			sourceTree = "<group>";
		};
		C81578D42ED9142300A3C815 /* FreeFontProUITests */ = {
			isa = PBXFileSystemSynchronizedRootGroup;
			path = FreeFontProUITests;
			sourceTree = "<group>";
		};
/* End PBXFileSystemSynchronizedRootGroup section */

/* Begin PBXFrameworksBuildPhase section */
		C81578B52ED9142200A3C815 /* Frameworks */ = {
			isa = PBXFrameworksBuildPhase;
			buildActionMask = 2147483647;
			files = (
				C84B0DB12EDA7A1D00896149 /* SDWebImageSwiftUI in Frameworks */,
				C84B0D8F2EDA760200896149 /* SDWebImageSVGCoder in Frameworks */,
			);
			runOnlyForDeploymentPostprocessing = 0;
		};
		C81578C42ED9142300A3C815 /* Frameworks */ = {
			isa = PBXFrameworksBuildPhase;
			buildActionMask = 2147483647;
			files = (
			);
			runOnlyForDeploymentPostprocessing = 0;
		};
		C81578CE2ED9142300A3C815 /* Frameworks */ = {
			isa = PBXFrameworksBuildPhase;
			buildActionMask = 2147483647;
			files = (
			);
			runOnlyForDeploymentPostprocessing = 0;
		};
/* End PBXFrameworksBuildPhase section */

/* Begin PBXGroup section */
		C81578AF2ED9142200A3C815 = {
			isa = PBXGroup;
			children = (
				C81578BA2ED9142200A3C815 /* FreeFontPro */,
				C81578CA2ED9142300A3C815 /* FreeFontProTests */,
				C81578D42ED9142300A3C815 /* FreeFontProUITests */,
				C81578B92ED9142200A3C815 /* Products */,
			);
			sourceTree = "<group>";
		};
		C81578B92ED9142200A3C815 /* Products */ = {
			isa = PBXGroup;
			children = (
				C81578B82ED9142200A3C815 /* FreeFontPro.app */,
				C81578C72ED9142300A3C815 /* FreeFontProTests.xctest */,
				C81578D12ED9142300A3C815 /* FreeFontProUITests.xctest */,
			);
			name = Products;
			sourceTree = "<group>";
		};
/* End PBXGroup section */

/* Begin PBXNativeTarget section */
		C81578B72ED9142200A3C815 /* FreeFontPro */ = {
			isa = PBXNativeTarget;
			buildConfigurationList = C81578DB2ED9142300A3C815 /* Build configuration list for PBXNativeTarget "FreeFontPro" */;
			buildPhases = (
				C81578B42ED9142200A3C815 /* Sources */,
				C81578B52ED9142200A3C815 /* Frameworks */,
				C81578B62ED9142200A3C815 /* Resources */,
			);
			buildRules = (
			);
			dependencies = (
			);
			fileSystemSynchronizedGroups = (
				C81578BA2ED9142200A3C815 /* FreeFontPro */,
			);
			name = FreeFontPro;
			packageProductDependencies = (
				C84B0D8E2EDA760200896149 /* SDWebImageSVGCoder */,
				C84B0DB02EDA7A1D00896149 /* SDWebImageSwiftUI */,
			);
			productName = FreeFontPro;
			productReference = C81578B82ED9142200A3C815 /* FreeFontPro.app */;
			productType = "com.apple.product-type.application";
		};
		C81578C62ED9142300A3C815 /* FreeFontProTests */ = {
			isa = PBXNativeTarget;
			buildConfigurationList = C81578DE2ED9142300A3C815 /* Build configuration list for PBXNativeTarget "FreeFontProTests" */;
			buildPhases = (
				C81578C32ED9142300A3C815 /* Sources */,
				C81578C42ED9142300A3C815 /* Frameworks */,
				C81578C52ED9142300A3C815 /* Resources */,
			);
			buildRules = (
			);
			dependencies = (
				C81578C92ED9142300A3C815 /* PBXTargetDependency */,
			);
			fileSystemSynchronizedGroups = (
				C81578CA2ED9142300A3C815 /* FreeFontProTests */,
			);
			name = FreeFontProTests;
			packageProductDependencies = (
			);
			productName = FreeFontProTests;
			productReference = C81578C72ED9142300A3C815 /* FreeFontProTests.xctest */;
			productType = "com.apple.product-type.bundle.unit-test";
		};
		C81578D02ED9142300A3C815 /* FreeFontProUITests */ = {
			isa = PBXNativeTarget;
			buildConfigurationList = C81578E12ED9142300A3C815 /* Build configuration list for PBXNativeTarget "FreeFontProUITests" */;
			buildPhases = (
				C81578CD2ED9142300A3C815 /* Sources */,
				C81578CE2ED9142300A3C815 /* Frameworks */,
				C81578CF2ED9142300A3C815 /* Resources */,
			);
			buildRules = (
			);
			dependencies = (
				C81578D32ED9142300A3C815 /* PBXTargetDependency */,
			);
			fileSystemSynchronizedGroups = (
				C81578D42ED9142300A3C815 /* FreeFontProUITests */,
			);
			name = FreeFontProUITests;
			packageProductDependencies = (
			);
			productName = FreeFontProUITests;
			productReference = C81578D12ED9142300A3C815 /* FreeFontProUITests.xctest */;
			productType = "com.apple.product-type.bundle.ui-testing";
		};
/* End PBXNativeTarget section */

/* Begin PBXProject section */
		C81578B02ED9142200A3C815 /* Project object */ = {
			isa = PBXProject;
			attributes = {
				BuildIndependentTargetsInParallel = 1;
				KnownAssetTags = (
					"42dotSans[wght].ttf",
					"42dotSans[wght]_preview_en",
					"42dotSans[wght]_preview_num",
					42dotsans_OFL.txt,
					ZLabsBitmap_12px_CN,
					ZLabsBitmap_12px_CN.ttf,
					ZLabsBitmap_12px_CN_preview_cn,
					ZLabsBitmap_12px_CN_preview_en,
					ZLabsBitmap_12px_CN_preview_num,
					ZLabsBitmap_12px_HC,
					ZLabsBitmap_12px_HC.ttf,
					ZLabsBitmap_12px_HC_preview_en,
					ZLabsBitmap_12px_HC_preview_num,
					ZLabsBitmap_12px_HC_preview_tc,
					ZLabsBitmap_12px_JP,
					ZLabsBitmap_12px_JP.ttf,
					ZLabsBitmap_12px_JP_preview_en,
					ZLabsBitmap_12px_JP_preview_jp,
					ZLabsBitmap_12px_JP_preview_num,
					ZLabsBitmap_12px_LICENSE,
					ZLabsBitmap_12px_OFL.txt,
				);
				LastSwiftUpdateCheck = 2600;
				LastUpgradeCheck = 2600;
				TargetAttributes = {
					C81578B72ED9142200A3C815 = {
						CreatedOnToolsVersion = 26.0;
					};
					C81578C62ED9142300A3C815 = {
						CreatedOnToolsVersion = 26.0;
						TestTargetID = C81578B72ED9142200A3C815;
					};
					C81578D02ED9142300A3C815 = {
						CreatedOnToolsVersion = 26.0;
						TestTargetID = C81578B72ED9142200A3C815;
					};
				};
			};
			buildConfigurationList = C81578B32ED9142200A3C815 /* Build configuration list for PBXProject "FreeFontPro" */;
			developmentRegion = en;
			hasScannedForEncodings = 0;
			knownRegions = (
				en,
				Base,
			);
			mainGroup = C81578AF2ED9142200A3C815;
			minimizedProjectReferenceProxies = 1;
			packageReferences = (
				C84B0D8D2EDA760200896149 /* XCRemoteSwiftPackageReference "SDWebImageSVGCoder" */,
				C84B0DAF2EDA7A1D00896149 /* XCRemoteSwiftPackageReference "SDWebImageSwiftUI" */,
			);
			preferredProjectObjectVersion = 77;
			productRefGroup = C81578B92ED9142200A3C815 /* Products */;
			projectDirPath = "";
			projectRoot = "";
			targets = (
				C81578B72ED9142200A3C815 /* FreeFontPro */,
				C81578C62ED9142300A3C815 /* FreeFontProTests */,
				C81578D02ED9142300A3C815 /* FreeFontProUITests */,
			);
		};
/* End PBXProject section */

/* Begin PBXResourcesBuildPhase section */
		C81578B62ED9142200A3C815 /* Resources */ = {
			isa = PBXResourcesBuildPhase;
			buildActionMask = 2147483647;
			files = (
			);
			runOnlyForDeploymentPostprocessing = 0;
		};
		C81578C52ED9142300A3C815 /* Resources */ = {
			isa = PBXResourcesBuildPhase;
			buildActionMask = 2147483647;
			files = (
			);
			runOnlyForDeploymentPostprocessing = 0;
		};
		C81578CF2ED9142300A3C815 /* Resources */ = {
			isa = PBXResourcesBuildPhase;
			buildActionMask = 2147483647;
			files = (
			);
			runOnlyForDeploymentPostprocessing = 0;
		};
/* End PBXResourcesBuildPhase section */

/* Begin PBXSourcesBuildPhase section */
		C81578B42ED9142200A3C815 /* Sources */ = {
			isa = PBXSourcesBuildPhase;
			buildActionMask = 2147483647;
			files = (
			);
			runOnlyForDeploymentPostprocessing = 0;
		};
		C81578C32ED9142300A3C815 /* Sources */ = {
			isa = PBXSourcesBuildPhase;
			buildActionMask = 2147483647;
			files = (
			);
			runOnlyForDeploymentPostprocessing = 0;
		};
		C81578CD2ED9142300A3C815 /* Sources */ = {
			isa = PBXSourcesBuildPhase;
			buildActionMask = 2147483647;
			files = (
			);
			runOnlyForDeploymentPostprocessing = 0;
		};
/* End PBXSourcesBuildPhase section */

/* Begin PBXTargetDependency section */
		C81578C92ED9142300A3C815 /* PBXTargetDependency */ = {
			isa = PBXTargetDependency;
			target = C81578B72ED9142200A3C815 /* FreeFontPro */;
			targetProxy = C81578C82ED9142300A3C815 /* PBXContainerItemProxy */;
		};
		C81578D32ED9142300A3C815 /* PBXTargetDependency */ = {
			isa = PBXTargetDependency;
			target = C81578B72ED9142200A3C815 /* FreeFontPro */;
			targetProxy = C81578D22ED9142300A3C815 /* PBXContainerItemProxy */;
		};
/* End PBXTargetDependency section */

/* Begin XCBuildConfiguration section */
		C81578D92ED9142300A3C815 /* Debug */ = {
			isa = XCBuildConfiguration;
			buildSettings = {
				ALWAYS_SEARCH_USER_PATHS = NO;
				ASSETCATALOG_COMPILER_GENERATE_SWIFT_ASSET_SYMBOL_EXTENSIONS = YES;
				CLANG_ANALYZER_NONNULL = YES;
				CLANG_ANALYZER_NUMBER_OBJECT_CONVERSION = YES_AGGRESSIVE;
				CLANG_CXX_LANGUAGE_STANDARD = "gnu++20";
				CLANG_ENABLE_MODULES = YES;
				CLANG_ENABLE_OBJC_ARC = YES;
				CLANG_ENABLE_OBJC_WEAK = YES;
				CLANG_WARN_BLOCK_CAPTURE_AUTORELEASING = YES;
				CLANG_WARN_BOOL_CONVERSION = YES;
				CLANG_WARN_COMMA = YES;
				CLANG_WARN_CONSTANT_CONVERSION = YES;
				CLANG_WARN_DEPRECATED_OBJC_IMPLEMENTATIONS = YES;
				CLANG_WARN_DIRECT_OBJC_ISA_USAGE = YES_ERROR;
				CLANG_WARN_DOCUMENTATION_COMMENTS = YES;
				CLANG_WARN_EMPTY_BODY = YES;
				CLANG_WARN_ENUM_CONVERSION = YES;
				CLANG_WARN_INFINITE_RECURSION = YES;
				CLANG_WARN_INT_CONVERSION = YES;
				CLANG_WARN_NON_LITERAL_NULL_CONVERSION = YES;
				CLANG_WARN_OBJC_IMPLICIT_RETAIN_SELF = YES;
				CLANG_WARN_OBJC_LITERAL_CONVERSION = YES;
				CLANG_WARN_OBJC_ROOT_CLASS = YES_ERROR;
				CLANG_WARN_QUOTED_INCLUDE_IN_FRAMEWORK_HEADER = YES;
				CLANG_WARN_RANGE_LOOP_ANALYSIS = YES;
				CLANG_WARN_STRICT_PROTOTYPES = YES;
				CLANG_WARN_SUSPICIOUS_MOVE = YES;
				CLANG_WARN_UNGUARDED_AVAILABILITY = YES_AGGRESSIVE;
				CLANG_WARN_UNREACHABLE_CODE = YES;
				CLANG_WARN__DUPLICATE_METHOD_MATCH = YES;
				COPY_PHASE_STRIP = NO;
				DEBUG_INFORMATION_FORMAT = dwarf;
				DEVELOPMENT_TEAM = T5W7R7666C;
				ENABLE_STRICT_OBJC_MSGSEND = YES;
				ENABLE_TESTABILITY = YES;
				ENABLE_USER_SCRIPT_SANDBOXING = YES;
				GCC_C_LANGUAGE_STANDARD = gnu17;
				GCC_DYNAMIC_NO_PIC = NO;
				GCC_NO_COMMON_BLOCKS = YES;
				GCC_OPTIMIZATION_LEVEL = 0;
				GCC_PREPROCESSOR_DEFINITIONS = (
					"DEBUG=1",
					"$(inherited)",
				);
				GCC_WARN_64_TO_32_BIT_CONVERSION = YES;
				GCC_WARN_ABOUT_RETURN_TYPE = YES_ERROR;
				GCC_WARN_UNDECLARED_SELECTOR = YES;
				GCC_WARN_UNINITIALIZED_AUTOS = YES_AGGRESSIVE;
				GCC_WARN_UNUSED_FUNCTION = YES;
				GCC_WARN_UNUSED_VARIABLE = YES;
				IPHONEOS_DEPLOYMENT_TARGET = 26.0;
				LOCALIZATION_PREFERS_STRING_CATALOGS = YES;
				MTL_ENABLE_DEBUG_INFO = INCLUDE_SOURCE;
				MTL_FAST_MATH = YES;
				ONLY_ACTIVE_ARCH = YES;
				SDKROOT = iphoneos;
				SWIFT_ACTIVE_COMPILATION_CONDITIONS = "DEBUG $(inherited)";
				SWIFT_OPTIMIZATION_LEVEL = "-Onone";
			};
			name = Debug;
		};
		C81578DA2ED9142300A3C815 /* Release */ = {
			isa = XCBuildConfiguration;
			buildSettings = {
				ALWAYS_SEARCH_USER_PATHS = NO;
				ASSETCATALOG_COMPILER_GENERATE_SWIFT_ASSET_SYMBOL_EXTENSIONS = YES;
				CLANG_ANALYZER_NONNULL = YES;
				CLANG_ANALYZER_NUMBER_OBJECT_CONVERSION = YES_AGGRESSIVE;
				CLANG_CXX_LANGUAGE_STANDARD = "gnu++20";
				CLANG_ENABLE_MODULES = YES;
				CLANG_ENABLE_OBJC_ARC = YES;
				CLANG_ENABLE_OBJC_WEAK = YES;
				CLANG_WARN_BLOCK_CAPTURE_AUTORELEASING = YES;
				CLANG_WARN_BOOL_CONVERSION = YES;
				CLANG_WARN_COMMA = YES;
				CLANG_WARN_CONSTANT_CONVERSION = YES;
				CLANG_WARN_DEPRECATED_OBJC_IMPLEMENTATIONS = YES;
				CLANG_WARN_DIRECT_OBJC_ISA_USAGE = YES_ERROR;
				CLANG_WARN_DOCUMENTATION_COMMENTS = YES;
				CLANG_WARN_EMPTY_BODY = YES;
				CLANG_WARN_ENUM_CONVERSION = YES;
				CLANG_WARN_INFINITE_RECURSION = YES;
				CLANG_WARN_INT_CONVERSION = YES;
				CLANG_WARN_NON_LITERAL_NULL_CONVERSION = YES;
				CLANG_WARN_OBJC_IMPLICIT_RETAIN_SELF = YES;
				CLANG_WARN_OBJC_LITERAL_CONVERSION = YES;
				CLANG_WARN_OBJC_ROOT_CLASS = YES_ERROR;
				CLANG_WARN_QUOTED_INCLUDE_IN_FRAMEWORK_HEADER = YES;
				CLANG_WARN_RANGE_LOOP_ANALYSIS = YES;
				CLANG_WARN_STRICT_PROTOTYPES = YES;
				CLANG_WARN_SUSPICIOUS_MOVE = YES;
				CLANG_WARN_UNGUARDED_AVAILABILITY = YES_AGGRESSIVE;
				CLANG_WARN_UNREACHABLE_CODE = YES;
				CLANG_WARN__DUPLICATE_METHOD_MATCH = YES;
				COPY_PHASE_STRIP = NO;
				DEBUG_INFORMATION_FORMAT = "dwarf-with-dsym";
				DEVELOPMENT_TEAM = T5W7R7666C;
				ENABLE_NS_ASSERTIONS = NO;
				ENABLE_STRICT_OBJC_MSGSEND = YES;
				ENABLE_USER_SCRIPT_SANDBOXING = YES;
				GCC_C_LANGUAGE_STANDARD = gnu17;
				GCC_NO_COMMON_BLOCKS = YES;
				GCC_WARN_64_TO_32_BIT_CONVERSION = YES;
				GCC_WARN_ABOUT_RETURN_TYPE = YES_ERROR;
				GCC_WARN_UNDECLARED_SELECTOR = YES;
				GCC_WARN_UNINITIALIZED_AUTOS = YES_AGGRESSIVE;
				GCC_WARN_UNUSED_FUNCTION = YES;
				GCC_WARN_UNUSED_VARIABLE = YES;
				IPHONEOS_DEPLOYMENT_TARGET = 26.0;
				LOCALIZATION_PREFERS_STRING_CATALOGS = YES;
				MTL_ENABLE_DEBUG_INFO = NO;
				MTL_FAST_MATH = YES;
				SDKROOT = iphoneos;
				SWIFT_COMPILATION_MODE = wholemodule;
				VALIDATE_PRODUCT = YES;
			};
			name = Release;
		};
		C81578DC2ED9142300A3C815 /* Debug */ = {
			isa = XCBuildConfiguration;
			buildSettings = {
				ASSETCATALOG_COMPILER_APPICON_NAME = AppIcon;
				ASSETCATALOG_COMPILER_GLOBAL_ACCENT_COLOR_NAME = AccentColor;
				CODE_SIGN_ENTITLEMENTS = FreeFontPro/FreeFontPro.entitlements;
				CODE_SIGN_IDENTITY = "Apple Development";
				CODE_SIGN_STYLE = Automatic;
				CURRENT_PROJECT_VERSION = 1;
				DEVELOPMENT_TEAM = T5W7R7666C;
				ENABLE_PREVIEWS = YES;
				GENERATE_INFOPLIST_FILE = YES;
				INFOPLIST_KEY_CFBundleDisplayName = "FreeFont Pro";
				INFOPLIST_KEY_LSApplicationCategoryType = "public.app-category.utilities";
				INFOPLIST_KEY_UIApplicationSceneManifest_Generation = YES;
				INFOPLIST_KEY_UIApplicationSupportsIndirectInputEvents = YES;
				INFOPLIST_KEY_UILaunchScreen_Generation = YES;
				INFOPLIST_KEY_UISupportedInterfaceOrientations = UIInterfaceOrientationPortrait;
				INFOPLIST_KEY_UISupportedInterfaceOrientations_iPad = "UIInterfaceOrientationLandscapeLeft UIInterfaceOrientationLandscapeRight UIInterfaceOrientationPortrait UIInterfaceOrientationPortraitUpsideDown";
				LD_RUNPATH_SEARCH_PATHS = (
					"$(inherited)",
					"@executable_path/Frameworks",
				);
				MARKETING_VERSION = 1.0;
				PRODUCT_BUNDLE_IDENTIFIER = com.showtimemaker.phonesbackup.ios.FreeFontPro;
				PRODUCT_NAME = "$(TARGET_NAME)";
				PROVISIONING_PROFILE_SPECIFIER = "";
				STRING_CATALOG_GENERATE_SYMBOLS = YES;
				SWIFT_APPROACHABLE_CONCURRENCY = YES;
				SWIFT_DEFAULT_ACTOR_ISOLATION = MainActor;
				SWIFT_EMIT_LOC_STRINGS = YES;
				SWIFT_UPCOMING_FEATURE_MEMBER_IMPORT_VISIBILITY = YES;
				SWIFT_VERSION = 5.0;
				TARGETED_DEVICE_FAMILY = "1,2";
			};
			name = Debug;
		};
		C81578DD2ED9142300A3C815 /* Release */ = {
			isa = XCBuildConfiguration;
			buildSettings = {
				ASSETCATALOG_COMPILER_APPICON_NAME = AppIcon;
				ASSETCATALOG_COMPILER_GLOBAL_ACCENT_COLOR_NAME = AccentColor;
				CODE_SIGN_ENTITLEMENTS = FreeFontPro/FreeFontPro.entitlements;
				CODE_SIGN_IDENTITY = "Apple Development";
				CODE_SIGN_STYLE = Automatic;
				CURRENT_PROJECT_VERSION = 1;
				DEVELOPMENT_TEAM = T5W7R7666C;
				ENABLE_PREVIEWS = YES;
				GENERATE_INFOPLIST_FILE = YES;
				INFOPLIST_KEY_CFBundleDisplayName = "FreeFont Pro";
				INFOPLIST_KEY_LSApplicationCategoryType = "public.app-category.utilities";
				INFOPLIST_KEY_UIApplicationSceneManifest_Generation = YES;
				INFOPLIST_KEY_UIApplicationSupportsIndirectInputEvents = YES;
				INFOPLIST_KEY_UILaunchScreen_Generation = YES;
				INFOPLIST_KEY_UISupportedInterfaceOrientations = UIInterfaceOrientationPortrait;
				INFOPLIST_KEY_UISupportedInterfaceOrientations_iPad = "UIInterfaceOrientationLandscapeLeft UIInterfaceOrientationLandscapeRight UIInterfaceOrientationPortrait UIInterfaceOrientationPortraitUpsideDown";
				LD_RUNPATH_SEARCH_PATHS = (
					"$(inherited)",
					"@executable_path/Frameworks",
				);
				MARKETING_VERSION = 1.0;
				PRODUCT_BUNDLE_IDENTIFIER = com.showtimemaker.phonesbackup.ios.FreeFontPro;
				PRODUCT_NAME = "$(TARGET_NAME)";
				PROVISIONING_PROFILE_SPECIFIER = "";
				STRING_CATALOG_GENERATE_SYMBOLS = YES;
				SWIFT_APPROACHABLE_CONCURRENCY = YES;
				SWIFT_DEFAULT_ACTOR_ISOLATION = MainActor;
				SWIFT_EMIT_LOC_STRINGS = YES;
				SWIFT_UPCOMING_FEATURE_MEMBER_IMPORT_VISIBILITY = YES;
				SWIFT_VERSION = 5.0;
				TARGETED_DEVICE_FAMILY = "1,2";
			};
			name = Release;
		};
		C81578DF2ED9142300A3C815 /* Debug */ = {
			isa = XCBuildConfiguration;
			buildSettings = {
				BUNDLE_LOADER = "$(TEST_HOST)";
				CODE_SIGN_STYLE = Automatic;
				CURRENT_PROJECT_VERSION = 1;
				DEVELOPMENT_TEAM = T5W7R7666C;
				GENERATE_INFOPLIST_FILE = YES;
				IPHONEOS_DEPLOYMENT_TARGET = 26.0;
				MARKETING_VERSION = 1.0;
				PRODUCT_BUNDLE_IDENTIFIER = com.showtimemaker.phonesbackup.ios.FreeFontProTests;
				PRODUCT_NAME = "$(TARGET_NAME)";
				STRING_CATALOG_GENERATE_SYMBOLS = NO;
				SWIFT_APPROACHABLE_CONCURRENCY = YES;
				SWIFT_EMIT_LOC_STRINGS = NO;
				SWIFT_UPCOMING_FEATURE_MEMBER_IMPORT_VISIBILITY = YES;
				SWIFT_VERSION = 5.0;
				TARGETED_DEVICE_FAMILY = "1,2";
				TEST_HOST = "$(BUILT_PRODUCTS_DIR)/FreeFontPro.app/$(BUNDLE_EXECUTABLE_FOLDER_PATH)/FreeFontPro";
			};
			name = Debug;
		};
		C81578E02ED9142300A3C815 /* Release */ = {
			isa = XCBuildConfiguration;
			buildSettings = {
				BUNDLE_LOADER = "$(TEST_HOST)";
				CODE_SIGN_STYLE = Automatic;
				CURRENT_PROJECT_VERSION = 1;
				DEVELOPMENT_TEAM = T5W7R7666C;
				GENERATE_INFOPLIST_FILE = YES;
				IPHONEOS_DEPLOYMENT_TARGET = 26.0;
				MARKETING_VERSION = 1.0;
				PRODUCT_BUNDLE_IDENTIFIER = com.showtimemaker.phonesbackup.ios.FreeFontProTests;
				PRODUCT_NAME = "$(TARGET_NAME)";
				STRING_CATALOG_GENERATE_SYMBOLS = NO;
				SWIFT_APPROACHABLE_CONCURRENCY = YES;
				SWIFT_EMIT_LOC_STRINGS = NO;
				SWIFT_UPCOMING_FEATURE_MEMBER_IMPORT_VISIBILITY = YES;
				SWIFT_VERSION = 5.0;
				TARGETED_DEVICE_FAMILY = "1,2";
				TEST_HOST = "$(BUILT_PRODUCTS_DIR)/FreeFontPro.app/$(BUNDLE_EXECUTABLE_FOLDER_PATH)/FreeFontPro";
			};
			name = Release;
		};
		C81578E22ED9142300A3C815 /* Debug */ = {
			isa = XCBuildConfiguration;
			buildSettings = {
				CODE_SIGN_STYLE = Automatic;
				CURRENT_PROJECT_VERSION = 1;
				DEVELOPMENT_TEAM = T5W7R7666C;
				GENERATE_INFOPLIST_FILE = YES;
				MARKETING_VERSION = 1.0;
				PRODUCT_BUNDLE_IDENTIFIER = com.showtimemaker.phonesbackup.ios.FreeFontProUITests;
				PRODUCT_NAME = "$(TARGET_NAME)";
				STRING_CATALOG_GENERATE_SYMBOLS = NO;
				SWIFT_APPROACHABLE_CONCURRENCY = YES;
				SWIFT_EMIT_LOC_STRINGS = NO;
				SWIFT_UPCOMING_FEATURE_MEMBER_IMPORT_VISIBILITY = YES;
				SWIFT_VERSION = 5.0;
				TARGETED_DEVICE_FAMILY = "1,2";
				TEST_TARGET_NAME = FreeFontPro;
			};
			name = Debug;
		};
		C81578E32ED9142300A3C815 /* Release */ = {
			isa = XCBuildConfiguration;
			buildSettings = {
				CODE_SIGN_STYLE = Automatic;
				CURRENT_PROJECT_VERSION = 1;
				DEVELOPMENT_TEAM = T5W7R7666C;
				GENERATE_INFOPLIST_FILE = YES;
				MARKETING_VERSION = 1.0;
				PRODUCT_BUNDLE_IDENTIFIER = com.showtimemaker.phonesbackup.ios.FreeFontProUITests;
				PRODUCT_NAME = "$(TARGET_NAME)";
				STRING_CATALOG_GENERATE_SYMBOLS = NO;
				SWIFT_APPROACHABLE_CONCURRENCY = YES;
				SWIFT_EMIT_LOC_STRINGS = NO;
				SWIFT_UPCOMING_FEATURE_MEMBER_IMPORT_VISIBILITY = YES;
				SWIFT_VERSION = 5.0;
				TARGETED_DEVICE_FAMILY = "1,2";
				TEST_TARGET_NAME = FreeFontPro;
			};
			name = Release;
		};
/* End XCBuildConfiguration section */

/* Begin XCConfigurationList section */
		C81578B32ED9142200A3C815 /* Build configuration list for PBXProject "FreeFontPro" */ = {
			isa = XCConfigurationList;
			buildConfigurations = (
				C81578D92ED9142300A3C815 /* Debug */,
				C81578DA2ED9142300A3C815 /* Release */,
			);
			defaultConfigurationIsVisible = 0;
			defaultConfigurationName = Release;
		};
		C81578DB2ED9142300A3C815 /* Build configuration list for PBXNativeTarget "FreeFontPro" */ = {
			isa = XCConfigurationList;
			buildConfigurations = (
				C81578DC2ED9142300A3C815 /* Debug */,
				C81578DD2ED9142300A3C815 /* Release */,
			);
			defaultConfigurationIsVisible = 0;
			defaultConfigurationName = Release;
		};
		C81578DE2ED9142300A3C815 /* Build configuration list for PBXNativeTarget "FreeFontProTests" */ = {
			isa = XCConfigurationList;
			buildConfigurations = (
				C81578DF2ED9142300A3C815 /* Debug */,
				C81578E02ED9142300A3C815 /* Release */,
			);
			defaultConfigurationIsVisible = 0;
			defaultConfigurationName = Release;
		};
		C81578E12ED9142300A3C815 /* Build configuration list for PBXNativeTarget "FreeFontProUITests" */ = {
			isa = XCConfigurationList;
			buildConfigurations = (
				C81578E22ED9142300A3C815 /* Debug */,
				C81578E32ED9142300A3C815 /* Release */,
			);
			defaultConfigurationIsVisible = 0;
			defaultConfigurationName = Release;
		};
/* End XCConfigurationList section */

/* Begin XCRemoteSwiftPackageReference section */
		C84B0D8D2EDA760200896149 /* XCRemoteSwiftPackageReference "SDWebImageSVGCoder" */ = {
			isa = XCRemoteSwiftPackageReference;
			repositoryURL = "https://github.com/SDWebImage/SDWebImageSVGCoder";
			requirement = {
				kind = upToNextMajorVersion;
				minimumVersion = 1.8.0;
			};
		};
		C84B0DAF2EDA7A1D00896149 /* XCRemoteSwiftPackageReference "SDWebImageSwiftUI" */ = {
			isa = XCRemoteSwiftPackageReference;
			repositoryURL = "https://github.com/SDWebImage/SDWebImageSwiftUI";
			requirement = {
				kind = upToNextMajorVersion;
				minimumVersion = 3.1.4;
			};
		};
/* End XCRemoteSwiftPackageReference section */

/* Begin XCSwiftPackageProductDependency section */
		C84B0D8E2EDA760200896149 /* SDWebImageSVGCoder */ = {
			isa = XCSwiftPackageProductDependency;
			package = C84B0D8D2EDA760200896149 /* XCRemoteSwiftPackageReference "SDWebImageSVGCoder" */;
			productName = SDWebImageSVGCoder;
		};
		C84B0DB02EDA7A1D00896149 /* SDWebImageSwiftUI */ = {
			isa = XCSwiftPackageProductDependency;
			package = C84B0DAF2EDA7A1D00896149 /* XCRemoteSwiftPackageReference "SDWebImageSwiftUI" */;
			productName = SDWebImageSwiftUI;
		};
/* End XCSwiftPackageProductDependency section */
	};
	rootObject = C81578B02ED9142200A3C815 /* Project object */;
}
